
Microsoft Visual Studio Solution File, Format Version 12.00
# Visual Studio Version 16
VisualStudioVersion = 16.0.29306.81
MinimumVisualStudioVersion = 10.0.40219.1
Project("{FAE04EC0-301F-11D3-BF4B-00C04F79EFBC}") = "AddressBook.Api", "AddressBook.Api\AddressBook.Api.csproj", "{8CEB4749-7D64-43A0-A1E0-D841EAF5489C}"
EndProject
Global
	GlobalSection(SolutionConfigurationPlatforms) = preSolution
		Debug|Any CPU = Debug|Any CPU
		Release|Any CPU = Release|Any CPU
	EndGlobalSection
	GlobalSection(ProjectConfigurationPlatforms) = postSolution
		{8CEB4749-7D64-43A0-A1E0-D841EAF5489C}.Debug|Any CPU.ActiveCfg = Debug|Any CPU
		{8CEB4749-7D64-43A0-A1E0-D841EAF5489C}.Debug|Any CPU.Build.0 = Debug|Any CPU
		{8CEB4749-7D64-43A0-A1E0-D841EAF5489C}.Release|Any CPU.ActiveCfg = Release|Any CPU
		{8CEB4749-7D64-43A0-A1E0-D841EAF5489C}.Release|Any CPU.Build.0 = Release|Any CPU
	EndGlobalSection
	GlobalSection(SolutionProperties) = preSolution
		HideSolutionNode = FALSE
	EndGlobalSection
	GlobalSection(ExtensibilityGlobals) = postSolution
		SolutionGuid = {D3CF5783-F26C-4741-8B84-721122D1F4E2}
	EndGlobalSection
EndGlobal
